# This file was autogenerated by Stack.
# You should not edit this file by hand.
# For more information, please see the documentation at:
#   https://docs.haskellstack.org/en/stable/lock_files

packages:
- completed:
    hackage: karver-0.1.2@sha256:ee99a21567b04d5ee4f55dfb20ebbf466e8183c56af22e10878947f60cc32c4d,1755
    pantry-tree:
      size: 391
      sha256: 9f757fd4d31e07c8239380402f06adb5da66fb9635576102f7ab162c7b1eaa78
  original:
    hackage: karver-0.1.2@sha256:ee99a21567b04d5ee4f55dfb20ebbf466e8183c56af22e10878947f60cc32c4d,1755
- completed:
    hackage: fused-effects-1.1.1.1@sha256:c029c5fb0b2154281221a71ff25709d2a11347fe061fa8c2398e7fe52a16008d,4932
    pantry-tree:
      size: 6345
      sha256: 7d09ba6d70fc49a5fd2feef0e6b06122589b9f5e4539680c9d7933773e7273d7
  original:
    hackage: fused-effects-1.1.1.1@sha256:c029c5fb0b2154281221a71ff25709d2a11347fe061fa8c2398e7fe52a16008d,4932
snapshots:
- completed:
    size: 585603
    url: https://raw.githubusercontent.com/commercialhaskell/stackage-snapshots/master/lts/18/3.yaml
    sha256: 694573e96dca34db5636edb1fe6c96bb233ca0f9fb96c1ead1671cdfa9bd73e9
  original:
    url: https://raw.githubusercontent.com/commercialhaskell/stackage-snapshots/master/lts/18/3.yaml
